
Microsoft Visual Studio Solution File, Format Version 12.00
# Visual Studio Version 17
VisualStudioVersion = 17.11.35303.130
MinimumVisualStudioVersion = 10.0.40219.1
Project("{FAE04EC0-301F-11D3-BF4B-00C04F79EFBC}") = "StruucturedProgramming", "StruucturedProgramming.csproj", "{FA131513-DF53-43EF-88C7-6308DA1BF29D}"
EndProject
Global
	GlobalSection(SolutionConfigurationPlatforms) = preSolution
		Debug|Any CPU = Debug|Any CPU
		Release|Any CPU = Release|Any CPU
	EndGlobalSection
	GlobalSection(ProjectConfigurationPlatforms) = postSolution
		{FA131513-DF53-43EF-88C7-6308DA1BF29D}.Debug|Any CPU.ActiveCfg = Debug|Any CPU
		{FA131513-DF53-43EF-88C7-6308DA1BF29D}.Debug|Any CPU.Build.0 = Debug|Any CPU
		{FA131513-DF53-43EF-88C7-6308DA1BF29D}.Release|Any CPU.ActiveCfg = Release|Any CPU
		{FA131513-DF53-43EF-88C7-6308DA1BF29D}.Release|Any CPU.Build.0 = Release|Any CPU
	EndGlobalSection
	GlobalSection(SolutionProperties) = preSolution
		HideSolutionNode = FALSE
	EndGlobalSection
	GlobalSection(ExtensibilityGlobals) = postSolution
		SolutionGuid = {A6C20B2C-3E21-4355-9F9B-A93DAB12F093}
	EndGlobalSection
EndGlobal
